PODS:
  - Kingfisher (7.12.0)
  - SnapKit (5.7.1)

DEPENDENCIES:
  - Kingfisher
  - SnapKit

SPEC REPOS:
  trunk:
    - Kingfisher
    - SnapKit

SPEC CHECKSUMS:
  Kingfisher: 53a10ea35051a436b5fb626ca2dd8f3144d755e9
  SnapKit: d612e99e678a2d3b95bf60b0705ed0a35c03484a

PODFILE CHECKSUM: 46080217f3412b6a4f2383d2626f4ae7c9456217

COCOAPODS: 1.15.2
